
Microsoft Visual Studio Solution File, Format Version 12.00
Project("{FAE04EC0-301F-11D3-BF4B-00C04F79EFBC}") = "MeetupMembersApi", "src\MeetupMembersApi\MeetupMembersApi.csproj", "{05FD93FB-A1D9-46FF-9961-79F2EEB1F220}"
EndProject
Project("{FAE04EC0-301F-11D3-BF4B-00C04F79EFBC}") = "MeetupMembersApi.Tests", "test\MeetupMembersApi.Tests\MeetupMembersApi.Tests.csproj", "{A185C536-16CA-489F-A380-9D4BABCB96B8}"
EndProject
Global
	GlobalSection(SolutionConfigurationPlatforms) = preSolution
		Debug|Any CPU = Debug|Any CPU
		Release|Any CPU = Release|Any CPU
	EndGlobalSection
	GlobalSection(ProjectConfigurationPlatforms) = postSolution
		{05FD93FB-A1D9-46FF-9961-79F2EEB1F220}.Debug|Any CPU.ActiveCfg = Debug|Any CPU
		{05FD93FB-A1D9-46FF-9961-79F2EEB1F220}.Debug|Any CPU.Build.0 = Debug|Any CPU
		{05FD93FB-A1D9-46FF-9961-79F2EEB1F220}.Release|Any CPU.ActiveCfg = Release|Any CPU
		{05FD93FB-A1D9-46FF-9961-79F2EEB1F220}.Release|Any CPU.Build.0 = Release|Any CPU
		{A185C536-16CA-489F-A380-9D4BABCB96B8}.Debug|Any CPU.ActiveCfg = Debug|Any CPU
		{A185C536-16CA-489F-A380-9D4BABCB96B8}.Debug|Any CPU.Build.0 = Debug|Any CPU
		{A185C536-16CA-489F-A380-9D4BABCB96B8}.Release|Any CPU.ActiveCfg = Release|Any CPU
		{A185C536-16CA-489F-A380-9D4BABCB96B8}.Release|Any CPU.Build.0 = Release|Any CPU
	EndGlobalSection
EndGlobal
