
Microsoft Visual Studio Solution File, Format Version 12.00
Project("{FAE04EC0-301F-11D3-BF4B-00C04F79EFBC}") = "IsPrime", "src\IsPrime\IsPrime.csproj", "{97D2DE5F-9424-41D0-A44C-D77180625F3C}"
EndProject
Project("{FAE04EC0-301F-11D3-BF4B-00C04F79EFBC}") = "IsPrime.Tests", "test\IsPrime.Tests\IsPrime.Tests.csproj", "{B20F4474-D923-41EF-882C-DE7E270E474C}"
EndProject
Global
	GlobalSection(SolutionConfigurationPlatforms) = preSolution
		Debug|Any CPU = Debug|Any CPU
		Release|Any CPU = Release|Any CPU
	EndGlobalSection
	GlobalSection(ProjectConfigurationPlatforms) = postSolution
		{97D2DE5F-9424-41D0-A44C-D77180625F3C}.Debug|Any CPU.ActiveCfg = Debug|Any CPU
		{97D2DE5F-9424-41D0-A44C-D77180625F3C}.Debug|Any CPU.Build.0 = Debug|Any CPU
		{97D2DE5F-9424-41D0-A44C-D77180625F3C}.Release|Any CPU.ActiveCfg = Release|Any CPU
		{97D2DE5F-9424-41D0-A44C-D77180625F3C}.Release|Any CPU.Build.0 = Release|Any CPU
		{B20F4474-D923-41EF-882C-DE7E270E474C}.Debug|Any CPU.ActiveCfg = Debug|Any CPU
		{B20F4474-D923-41EF-882C-DE7E270E474C}.Debug|Any CPU.Build.0 = Debug|Any CPU
		{B20F4474-D923-41EF-882C-DE7E270E474C}.Release|Any CPU.ActiveCfg = Release|Any CPU
		{B20F4474-D923-41EF-882C-DE7E270E474C}.Release|Any CPU.Build.0 = Release|Any CPU
	EndGlobalSection
EndGlobal
